
Microsoft Visual Studio Solution File, Format Version 12.00
# Visual Studio 15
VisualStudioVersion = 15.0.26430.14
MinimumVisualStudioVersion = 10.0.40219.1
Project("{FAE04EC0-301F-11D3-BF4B-00C04F79EFBC}") = "MBLauncher-Mac", "MBLauncher-Mac\MBLauncher-Mac.csproj", "{062C00E1-4D95-4669-8CA8-A60DDCC37ECC}"
EndProject
Project("{FAE04EC0-301F-11D3-BF4B-00C04F79EFBC}") = "MBLauncherLib", "MBLauncherLib\MBLauncherLib.csproj", "{0577B2F7-263F-4430-AEE5-CC8BD204EE69}"
EndProject
Project("{FAE04EC0-301F-11D3-BF4B-00C04F79EFBC}") = "MBLauncher-Windows", "MBLauncher-Windows\MBLauncher-Windows.csproj", "{17B96D99-B065-4D67-BAE7-2FACF2D43F5D}"
EndProject
Project("{FAE04EC0-301F-11D3-BF4B-00C04F79EFBC}") = "MBLauncher-Cli", "MBLauncher-Cli\MBLauncher-Cli.csproj", "{456FA34D-83CF-4508-B5F9-A3041BE650D6}"
EndProject
Global
	GlobalSection(SolutionConfigurationPlatforms) = preSolution
		Debug|Any CPU = Debug|Any CPU
		Release|Any CPU = Release|Any CPU
	EndGlobalSection
	GlobalSection(ProjectConfigurationPlatforms) = postSolution
		{062C00E1-4D95-4669-8CA8-A60DDCC37ECC}.Debug|Any CPU.ActiveCfg = Debug|Any CPU
		{062C00E1-4D95-4669-8CA8-A60DDCC37ECC}.Debug|Any CPU.Build.0 = Debug|Any CPU
		{062C00E1-4D95-4669-8CA8-A60DDCC37ECC}.Release|Any CPU.ActiveCfg = Release|Any CPU
		{062C00E1-4D95-4669-8CA8-A60DDCC37ECC}.Release|Any CPU.Build.0 = Release|Any CPU
		{0577B2F7-263F-4430-AEE5-CC8BD204EE69}.Debug|Any CPU.ActiveCfg = Debug|Any CPU
		{0577B2F7-263F-4430-AEE5-CC8BD204EE69}.Debug|Any CPU.Build.0 = Debug|Any CPU
		{0577B2F7-263F-4430-AEE5-CC8BD204EE69}.Release|Any CPU.ActiveCfg = Release|Any CPU
		{0577B2F7-263F-4430-AEE5-CC8BD204EE69}.Release|Any CPU.Build.0 = Release|Any CPU
		{17B96D99-B065-4D67-BAE7-2FACF2D43F5D}.Debug|Any CPU.ActiveCfg = Debug|Any CPU
		{17B96D99-B065-4D67-BAE7-2FACF2D43F5D}.Debug|Any CPU.Build.0 = Debug|Any CPU
		{17B96D99-B065-4D67-BAE7-2FACF2D43F5D}.Release|Any CPU.ActiveCfg = Release|Any CPU
		{17B96D99-B065-4D67-BAE7-2FACF2D43F5D}.Release|Any CPU.Build.0 = Release|Any CPU
		{456FA34D-83CF-4508-B5F9-A3041BE650D6}.Debug|Any CPU.ActiveCfg = Debug|Any CPU
		{456FA34D-83CF-4508-B5F9-A3041BE650D6}.Debug|Any CPU.Build.0 = Debug|Any CPU
		{456FA34D-83CF-4508-B5F9-A3041BE650D6}.Release|Any CPU.ActiveCfg = Release|Any CPU
		{456FA34D-83CF-4508-B5F9-A3041BE650D6}.Release|Any CPU.Build.0 = Release|Any CPU
	EndGlobalSection
	GlobalSection(SolutionProperties) = preSolution
		HideSolutionNode = FALSE
	EndGlobalSection
EndGlobal
